
Microsoft Visual Studio Solution File, Format Version 12.00
# Visual Studio Version 17
VisualStudioVersion = 17.1.31903.286
MinimumVisualStudioVersion = 10.0.40219.1
Project("{FAE04EC0-301F-11D3-BF4B-00C04F79EFBC}") = "NorthwidConsoleApp", "NorthwidConsoleApp\NorthwidConsoleApp.csproj", "{EC0131EF-BADE-491C-8171-873F3C463484}"
EndProject
Global
	GlobalSection(SolutionConfigurationPlatforms) = preSolution
		Debug|Any CPU = Debug|Any CPU
		Release|Any CPU = Release|Any CPU
	EndGlobalSection
	GlobalSection(ProjectConfigurationPlatforms) = postSolution
		{EC0131EF-BADE-491C-8171-873F3C463484}.Debug|Any CPU.ActiveCfg = Debug|Any CPU
		{EC0131EF-BADE-491C-8171-873F3C463484}.Debug|Any CPU.Build.0 = Debug|Any CPU
		{EC0131EF-BADE-491C-8171-873F3C463484}.Release|Any CPU.ActiveCfg = Release|Any CPU
		{EC0131EF-BADE-491C-8171-873F3C463484}.Release|Any CPU.Build.0 = Release|Any CPU
	EndGlobalSection
	GlobalSection(SolutionProperties) = preSolution
		HideSolutionNode = FALSE
	EndGlobalSection
	GlobalSection(ExtensibilityGlobals) = postSolution
		SolutionGuid = {3A51739C-E672-4F08-9445-F9CC7DD551A6}
	EndGlobalSection
EndGlobal
